github.com/Rhymond/go-money v1.0.15 h1:rdcIcO8FxCqEwBSt5VZf4hLMfovtcDIiY5/cQWE+7Vo=
github.com/Rhymond/go-money v1.0.15/go.mod h1:iHvCuIvitxu2JIlAlhF0g9jHqjRSr+rpdOs7Omqlupg=
github.com/alipay/global-open-sdk-go v1.2.18 h1:ACxhh+Vv8/dTLw5yh2BDWFDsY/kG8QLvJAO9RJFY/IA=
github.com/alipay/global-open-sdk-go v1.2.18/go.mod h1:nzqEW6Mu1w55kTRyrsdDIsrtmXWxdH/7xppK6He/HNo=
github.com/google/uuid v1.6.0 h1:NIvaJDMOsjHA8n1jAhLSgzrAzy1Hgr+hNrb57e+94F0=
github.com/google/uuid v1.6.0/go.mod h1:TIyPZe4MgqvfeYDBFedMoGGpEw/LqOeaOT+nhxU+yHo=
